
Microsoft Visual Studio Solution File, Format Version 12.00
# Visual Studio Version 17
VisualStudioVersion = 17.4.33110.190
MinimumVisualStudioVersion = 10.0.40219.1
Project("{FAE04EC0-301F-11D3-BF4B-00C04F79EFBC}") = "DivisibilityGame", "DivisibilityGame\DivisibilityGame.csproj", "{7DFE7AB8-5A06-46D8-AD62-5B5AC07D3FB2}"
EndProject
Global
	GlobalSection(SolutionConfigurationPlatforms) = preSolution
		Debug|Any CPU = Debug|Any CPU
		Release|Any CPU = Release|Any CPU
	EndGlobalSection
	GlobalSection(ProjectConfigurationPlatforms) = postSolution
		{7DFE7AB8-5A06-46D8-AD62-5B5AC07D3FB2}.Debug|Any CPU.ActiveCfg = Debug|Any CPU
		{7DFE7AB8-5A06-46D8-AD62-5B5AC07D3FB2}.Debug|Any CPU.Build.0 = Debug|Any CPU
		{7DFE7AB8-5A06-46D8-AD62-5B5AC07D3FB2}.Release|Any CPU.ActiveCfg = Release|Any CPU
		{7DFE7AB8-5A06-46D8-AD62-5B5AC07D3FB2}.Release|Any CPU.Build.0 = Release|Any CPU
	EndGlobalSection
	GlobalSection(SolutionProperties) = preSolution
		HideSolutionNode = FALSE
	EndGlobalSection
	GlobalSection(ExtensibilityGlobals) = postSolution
		SolutionGuid = {49C97A34-DA64-4310-BAA7-0B46648827BE}
	EndGlobalSection
EndGlobal
